
Microsoft Visual Studio Solution File, Format Version 12.00
# Visual Studio 14
VisualStudioVersion = 14.0.25420.1
MinimumVisualStudioVersion = 10.0.40219.1
Project("{FAE04EC0-301F-11D3-BF4B-00C04F79EFBC}") = "ChangeMaker", "ChangeMaker\ChangeMaker.csproj", "{90C3F70A-94BE-409F-991B-80DC7C10EC21}"
EndProject
Project("{FAE04EC0-301F-11D3-BF4B-00C04F79EFBC}") = "ChangMaker.Test", "ChangMaker.Test\ChangMaker.Test.csproj", "{CE1B8BD6-8B70-4419-8373-3A3FDE84871E}"
EndProject
Global
	GlobalSection(SolutionConfigurationPlatforms) = preSolution
		Debug|Any CPU = Debug|Any CPU
		Release|Any CPU = Release|Any CPU
	EndGlobalSection
	GlobalSection(ProjectConfigurationPlatforms) = postSolution
		{90C3F70A-94BE-409F-991B-80DC7C10EC21}.Debug|Any CPU.ActiveCfg = Debug|Any CPU
		{90C3F70A-94BE-409F-991B-80DC7C10EC21}.Debug|Any CPU.Build.0 = Debug|Any CPU
		{90C3F70A-94BE-409F-991B-80DC7C10EC21}.Release|Any CPU.ActiveCfg = Release|Any CPU
		{90C3F70A-94BE-409F-991B-80DC7C10EC21}.Release|Any CPU.Build.0 = Release|Any CPU
		{CE1B8BD6-8B70-4419-8373-3A3FDE84871E}.Debug|Any CPU.ActiveCfg = Debug|Any CPU
		{CE1B8BD6-8B70-4419-8373-3A3FDE84871E}.Debug|Any CPU.Build.0 = Debug|Any CPU
		{CE1B8BD6-8B70-4419-8373-3A3FDE84871E}.Release|Any CPU.ActiveCfg = Release|Any CPU
		{CE1B8BD6-8B70-4419-8373-3A3FDE84871E}.Release|Any CPU.Build.0 = Release|Any CPU
	EndGlobalSection
	GlobalSection(SolutionProperties) = preSolution
		HideSolutionNode = FALSE
	EndGlobalSection
EndGlobal
